// !$*UTF8*$!
{
	archiveVersion = 1;
	classes = {
	};
	objectVersion = 51;
	objects = {

/* Begin PBXBuildFile section */
		435C19C623F2847D0030D06C /* AppDelegate.swift in Sources */ = {isa = PBXBuildFile; fileRef = 435C19C523F2847D0030D06C /* AppDelegate.swift */; };
		435C19C823F2847D0030D06C /* SceneDelegate.swift in Sources */ = {isa = PBXBuildFile; fileRef = 435C19C723F2847D0030D06C /* SceneDelegate.swift */; };
		435C19CA23F2847D0030D06C /* ViewController.swift in Sources */ = {isa = PBXBuildFile; fileRef = 435C19C923F2847D0030D06C /* ViewController.swift */; };
		435C19CD23F2847D0030D06C /* Main.storyboard in Resources */ = {isa = PBXBuildFile; fileRef = 435C19CB23F2847D0030D06C /* Main.storyboard */; };
		435C19CF23F284810030D06C /* Assets.xcassets in Resources */ = {isa = PBXBuildFile; fileRef = 435C19CE23F284810030D06C /* Assets.xcassets */; };
		435C19D223F284810030D06C /* LaunchScreen.storyboard in Resources */ = {isa = PBXBuildFile; fileRef = 435C19D023F284810030D06C /* LaunchScreen.storyboard */; };
		435C19DA23F288790030D06C /* splashscreenvc.swift in Sources */ = {isa = PBXBuildFile; fileRef = 435C19D923F288790030D06C /* splashscreenvc.swift */; };
		435C19DD23F289450030D06C /* timesheetgif.gif in Resources */ = {isa = PBXBuildFile; fileRef = 435C19DC23F289450030D06C /* timesheetgif.gif */; };
		435C19E123F28CF10030D06C /* Dashboard.storyboard in Resources */ = {isa = PBXBuildFile; fileRef = 435C19E023F28CF10030D06C /* Dashboard.storyboard */; };
		435C19E323F28E270030D06C /* CardView.swift in Sources */ = {isa = PBXBuildFile; fileRef = 435C19E223F28E270030D06C /* CardView.swift */; };
		435C19E623F2A6210030D06C /* Assigntasks.storyboard in Resources */ = {isa = PBXBuildFile; fileRef = 435C19E523F2A6210030D06C /* Assigntasks.storyboard */; };
		435C19E923F2A6E20030D06C /* Attendence.storyboard in Resources */ = {isa = PBXBuildFile; fileRef = 435C19E823F2A6E20030D06C /* Attendence.storyboard */; };
		435C19EC23F2A7740030D06C /* Timesheetentry.storyboard in Resources */ = {isa = PBXBuildFile; fileRef = 435C19EB23F2A7740030D06C /* Timesheetentry.storyboard */; };
		435C19EE23F2A8420030D06C /* Attendencevc.swift in Sources */ = {isa = PBXBuildFile; fileRef = 435C19ED23F2A8420030D06C /* Attendencevc.swift */; };
		4376C13723F9AB5100B43812 /* dashboardvc.swift in Sources */ = {isa = PBXBuildFile; fileRef = 4376C13623F9AB5100B43812 /* dashboardvc.swift */; };
		4376C13923F9B0E600B43812 /* BaseActivity.swift in Sources */ = {isa = PBXBuildFile; fileRef = 4376C13823F9B0E600B43812 /* BaseActivity.swift */; };
		4376C13B23F9B27600B43812 /* Assigntasksvc.swift in Sources */ = {isa = PBXBuildFile; fileRef = 4376C13A23F9B27600B43812 /* Assigntasksvc.swift */; };
		4376C13D23F9B44500B43812 /* timesheetentryvc.swift in Sources */ = {isa = PBXBuildFile; fileRef = 4376C13C23F9B44500B43812 /* timesheetentryvc.swift */; };
		439FAE01240E43110009CD9B /* loading.gif in Resources */ = {isa = PBXBuildFile; fileRef = 439FAE00240E43110009CD9B /* loading.gif */; };
		439FAE03240E59B40009CD9B /* taskitem.swift in Sources */ = {isa = PBXBuildFile; fileRef = 439FAE02240E59B40009CD9B /* taskitem.swift */; };
		439FAE05240E5ADA0009CD9B /* dbconnections.swift in Sources */ = {isa = PBXBuildFile; fileRef = 439FAE04240E5ADA0009CD9B /* dbconnections.swift */; };
		439FAE07240E5E940009CD9B /* apicalls.swift in Sources */ = {isa = PBXBuildFile; fileRef = 439FAE06240E5E940009CD9B /* apicalls.swift */; };
		439FAE09240E666E0009CD9B /* taskcell.swift in Sources */ = {isa = PBXBuildFile; fileRef = 439FAE08240E666E0009CD9B /* taskcell.swift */; };
		43B2E093240A770100F88623 /* Dailyschedule.storyboard in Resources */ = {isa = PBXBuildFile; fileRef = 43B2E092240A770100F88623 /* Dailyschedule.storyboard */; };
		43B2E095240A771800F88623 /* dailyschedulevc.swift in Sources */ = {isa = PBXBuildFile; fileRef = 43B2E094240A771800F88623 /* dailyschedulevc.swift */; };
		43B2E098240A79CF00F88623 /* Leaveschedule.storyboard in Resources */ = {isa = PBXBuildFile; fileRef = 43B2E097240A79CF00F88623 /* Leaveschedule.storyboard */; };
		43B2E09A240A79E200F88623 /* leaveschedulevc.swift in Sources */ = {isa = PBXBuildFile; fileRef = 43B2E099240A79E200F88623 /* leaveschedulevc.swift */; };
		43B2E09D240A7C5E00F88623 /* Casemanagement.storyboard in Resources */ = {isa = PBXBuildFile; fileRef = 43B2E09C240A7C5E00F88623 /* Casemanagement.storyboard */; };
		43B2E09F240A7C7300F88623 /* casemanagementvc.swift in Sources */ = {isa = PBXBuildFile; fileRef = 43B2E09E240A7C7300F88623 /* casemanagementvc.swift */; };
		43B2E0A2240A80E000F88623 /* Reports.storyboard in Resources */ = {isa = PBXBuildFile; fileRef = 43B2E0A1240A80E000F88623 /* Reports.storyboard */; };
		43B2E0A4240A80F900F88623 /* reportsvc.swift in Sources */ = {isa = PBXBuildFile; fileRef = 43B2E0A3240A80F900F88623 /* reportsvc.swift */; };
		43B2E0A7240A897300F88623 /* Login.storyboard in Resources */ = {isa = PBXBuildFile; fileRef = 43B2E0A6240A897300F88623 /* Login.storyboard */; };
		43B2E0A9240AB1E300F88623 /* loginvc.swift in Sources */ = {isa = PBXBuildFile; fileRef = 43B2E0A8240AB1E300F88623 /* loginvc.swift */; };
		43B2E0AB240BAADE00F88623 /* idealreportvc.swift in Sources */ = {isa = PBXBuildFile; fileRef = 43B2E0AA240BAADE00F88623 /* idealreportvc.swift */; };
		43B2E0AD240BB1C200F88623 /* customisedreportvc.swift in Sources */ = {isa = PBXBuildFile; fileRef = 43B2E0AC240BB1C200F88623 /* customisedreportvc.swift */; };
		980558E3DD5345269642BBF5 /* Pods_Timesheet.framework in Frameworks */ = {isa = PBXBuildFile; fileRef = BB28992328EDDFE2F11DB3ED /* Pods_Timesheet.framework */; };
/* End PBXBuildFile section */

/* Begin PBXFileReference section */
		435C19C223F2847D0030D06C /* Timesheet.app */ = {isa = PBXFileReference; explicitFileType = wrapper.application; includeInIndex = 0; path = Timesheet.app; sourceTree = BUILT_PRODUCTS_DIR; };
		435C19C523F2847D0030D06C /* AppDelegate.swift */ = {isa = PBXFileReference; lastKnownFileType = sourcecode.swift; path = AppDelegate.swift; sourceTree = "<group>"; };
		435C19C723F2847D0030D06C /* SceneDelegate.swift */ = {isa = PBXFileReference; lastKnownFileType = sourcecode.swift; path = SceneDelegate.swift; sourceTree = "<group>"; };
		435C19C923F2847D0030D06C /* ViewController.swift */ = {isa = PBXFileReference; lastKnownFileType = sourcecode.swift; path = ViewController.swift; sourceTree = "<group>"; };
		435C19CC23F2847D0030D06C /* Base */ = {isa = PBXFileReference; lastKnownFileType = file.storyboard; name = Base; path = Base.lproj/Main.storyboard; sourceTree = "<group>"; };
		435C19CE23F284810030D06C /* Assets.xcassets */ = {isa = PBXFileReference; lastKnownFileType = folder.assetcatalog; path = Assets.xcassets; sourceTree = "<group>"; };
		435C19D123F284810030D06C /* Base */ = {isa = PBXFileReference; lastKnownFileType = file.storyboard; name = Base; path = Base.lproj/LaunchScreen.storyboard; sourceTree = "<group>"; };
		435C19D323F284810030D06C /* Info.plist */ = {isa = PBXFileReference; lastKnownFileType = text.plist.xml; path = Info.plist; sourceTree = "<group>"; };
		435C19D923F288790030D06C /* splashscreenvc.swift */ = {isa = PBXFileReference; lastKnownFileType = sourcecode.swift; path = splashscreenvc.swift; sourceTree = "<group>"; };
		435C19DC23F289450030D06C /* timesheetgif.gif */ = {isa = PBXFileReference; lastKnownFileType = image.gif; path = timesheetgif.gif; sourceTree = "<group>"; };
		435C19E023F28CF10030D06C /* Dashboard.storyboard */ = {isa = PBXFileReference; lastKnownFileType = file.storyboard; path = Dashboard.storyboard; sourceTree = "<group>"; };
		435C19E223F28E270030D06C /* CardView.swift */ = {isa = PBXFileReference; fileEncoding = 4; lastKnownFileType = sourcecode.swift; path = CardView.swift; sourceTree = "<group>"; };
		435C19E523F2A6210030D06C /* Assigntasks.storyboard */ = {isa = PBXFileReference; lastKnownFileType = file.storyboard; path = Assigntasks.storyboard; sourceTree = "<group>"; };
		435C19E823F2A6E20030D06C /* Attendence.storyboard */ = {isa = PBXFileReference; lastKnownFileType = file.storyboard; path = Attendence.storyboard; sourceTree = "<group>"; };
		435C19EB23F2A7740030D06C /* Timesheetentry.storyboard */ = {isa = PBXFileReference; lastKnownFileType = file.storyboard; path = Timesheetentry.storyboard; sourceTree = "<group>"; };
		435C19ED23F2A8420030D06C /* Attendencevc.swift */ = {isa = PBXFileReference; lastKnownFileType = sourcecode.swift; path = Attendencevc.swift; sourceTree = "<group>"; };
		4376C13623F9AB5100B43812 /* dashboardvc.swift */ = {isa = PBXFileReference; lastKnownFileType = sourcecode.swift; path = dashboardvc.swift; sourceTree = "<group>"; };
		4376C13823F9B0E600B43812 /* BaseActivity.swift */ = {isa = PBXFileReference; lastKnownFileType = sourcecode.swift; path = BaseActivity.swift; sourceTree = "<group>"; };
		4376C13A23F9B27600B43812 /* Assigntasksvc.swift */ = {isa = PBXFileReference; lastKnownFileType = sourcecode.swift; path = Assigntasksvc.swift; sourceTree = "<group>"; };
		4376C13C23F9B44500B43812 /* timesheetentryvc.swift */ = {isa = PBXFileReference; lastKnownFileType = sourcecode.swift; path = timesheetentryvc.swift; sourceTree = "<group>"; };
		439FAE00240E43110009CD9B /* loading.gif */ = {isa = PBXFileReference; lastKnownFileType = image.gif; path = loading.gif; sourceTree = "<group>"; };
		439FAE02240E59B40009CD9B /* taskitem.swift */ = {isa = PBXFileReference; lastKnownFileType = sourcecode.swift; path = taskitem.swift; sourceTree = "<group>"; };
		439FAE04240E5ADA0009CD9B /* dbconnections.swift */ = {isa = PBXFileReference; lastKnownFileType = sourcecode.swift; path = dbconnections.swift; sourceTree = "<group>"; };
		439FAE06240E5E940009CD9B /* apicalls.swift */ = {isa = PBXFileReference; lastKnownFileType = sourcecode.swift; path = apicalls.swift; sourceTree = "<group>"; };
		439FAE08240E666E0009CD9B /* taskcell.swift */ = {isa = PBXFileReference; lastKnownFileType = sourcecode.swift; path = taskcell.swift; sourceTree = "<group>"; };
		43B2E092240A770100F88623 /* Dailyschedule.storyboard */ = {isa = PBXFileReference; lastKnownFileType = file.storyboard; path = Dailyschedule.storyboard; sourceTree = "<group>"; };
		43B2E094240A771800F88623 /* dailyschedulevc.swift */ = {isa = PBXFileReference; lastKnownFileType = sourcecode.swift; path = dailyschedulevc.swift; sourceTree = "<group>"; };
		43B2E097240A79CF00F88623 /* Leaveschedule.storyboard */ = {isa = PBXFileReference; lastKnownFileType = file.storyboard; path = Leaveschedule.storyboard; sourceTree = "<group>"; };
		43B2E099240A79E200F88623 /* leaveschedulevc.swift */ = {isa = PBXFileReference; lastKnownFileType = sourcecode.swift; path = leaveschedulevc.swift; sourceTree = "<group>"; };
		43B2E09C240A7C5E00F88623 /* Casemanagement.storyboard */ = {isa = PBXFileReference; lastKnownFileType = file.storyboard; path = Casemanagement.storyboard; sourceTree = "<group>"; };
		43B2E09E240A7C7300F88623 /* casemanagementvc.swift */ = {isa = PBXFileReference; lastKnownFileType = sourcecode.swift; path = casemanagementvc.swift; sourceTree = "<group>"; };
		43B2E0A1240A80E000F88623 /* Reports.storyboard */ = {isa = PBXFileReference; lastKnownFileType = file.storyboard; path = Reports.storyboard; sourceTree = "<group>"; };
		43B2E0A3240A80F900F88623 /* reportsvc.swift */ = {isa = PBXFileReference; lastKnownFileType = sourcecode.swift; path = reportsvc.swift; sourceTree = "<group>"; };
		43B2E0A6240A897300F88623 /* Login.storyboard */ = {isa = PBXFileReference; lastKnownFileType = file.storyboard; path = Login.storyboard; sourceTree = "<group>"; };
		43B2E0A8240AB1E300F88623 /* loginvc.swift */ = {isa = PBXFileReference; lastKnownFileType = sourcecode.swift; path = loginvc.swift; sourceTree = "<group>"; };
		43B2E0AA240BAADE00F88623 /* idealreportvc.swift */ = {isa = PBXFileReference; lastKnownFileType = sourcecode.swift; path = idealreportvc.swift; sourceTree = "<group>"; };
		43B2E0AC240BB1C200F88623 /* customisedreportvc.swift */ = {isa = PBXFileReference; lastKnownFileType = sourcecode.swift; path = customisedreportvc.swift; sourceTree = "<group>"; };
		B0D4CEC895D02C04695D6F83 /* Pods-Timesheet.release.xcconfig */ = {isa = PBXFileReference; includeInIndex = 1; lastKnownFileType = text.xcconfig; name = "Pods-Timesheet.release.xcconfig"; path = "Target Support Files/Pods-Timesheet/Pods-Timesheet.release.xcconfig"; sourceTree = "<group>"; };
		BB28992328EDDFE2F11DB3ED /* Pods_Timesheet.framework */ = {isa = PBXFileReference; explicitFileType = wrapper.framework; includeInIndex = 0; path = Pods_Timesheet.framework; sourceTree = BUILT_PRODUCTS_DIR; };
		C1706A5715CE4AD985A2EFDF /* Pods-Timesheet.debug.xcconfig */ = {isa = PBXFileReference; includeInIndex = 1; lastKnownFileType = text.xcconfig; name = "Pods-Timesheet.debug.xcconfig"; path = "Target Support Files/Pods-Timesheet/Pods-Timesheet.debug.xcconfig"; sourceTree = "<group>"; };
/* End PBXFileReference section */

/* Begin PBXFrameworksBuildPhase section */
		435C19BF23F2847D0030D06C /* Frameworks */ = {
			isa = PBXFrameworksBuildPhase;
			buildActionMask = 2147483647;
			files = (
				980558E3DD5345269642BBF5 /* Pods_Timesheet.framework in Frameworks */,
			);
			runOnlyForDeploymentPostprocessing = 0;
		};
/* End PBXFrameworksBuildPhase section */

/* Begin PBXGroup section */
		435C19B923F2847D0030D06C = {
			isa = PBXGroup;
			children = (
				435C19C423F2847D0030D06C /* Timesheet */,
				435C19C323F2847D0030D06C /* Products */,
				B44577A5C5C61461D535E308 /* Pods */,
				53A3C028DCC814FF78720FB5 /* Frameworks */,
			);
			sourceTree = "<group>";
		};
		435C19C323F2847D0030D06C /* Products */ = {
			isa = PBXGroup;
			children = (
				435C19C223F2847D0030D06C /* Timesheet.app */,
			);
			name = Products;
			sourceTree = "<group>";
		};
		435C19C423F2847D0030D06C /* Timesheet */ = {
			isa = PBXGroup;
			children = (
				43B2E0A5240A896200F88623 /* Login */,
				43B2E0A0240A80D000F88623 /* Reports */,
				43B2E09B240A7C4400F88623 /* Case Management */,
				43B2E096240A79BB00F88623 /* Leave Schedule */,
				43B2E091240A76DD00F88623 /* Daily Schedule */,
				435C19EA23F2A74E0030D06C /* Time sheet entry */,
				435C19E723F2A6C80030D06C /* Attendence */,
				435C19E423F2A60F0030D06C /* Assign Tasks */,
				435C19DF23F28CD70030D06C /* Dashboard */,
				435C19DB23F288C80030D06C /* Common Utils */,
				435C19C523F2847D0030D06C /* AppDelegate.swift */,
				435C19C723F2847D0030D06C /* SceneDelegate.swift */,
				435C19C923F2847D0030D06C /* ViewController.swift */,
				435C19CB23F2847D0030D06C /* Main.storyboard */,
				435C19CE23F284810030D06C /* Assets.xcassets */,
				435C19D023F284810030D06C /* LaunchScreen.storyboard */,
				435C19D323F284810030D06C /* Info.plist */,
				435C19D923F288790030D06C /* splashscreenvc.swift */,
			);
			path = Timesheet;
			sourceTree = "<group>";
		};
		435C19DB23F288C80030D06C /* Common Utils */ = {
			isa = PBXGroup;
			children = (
				439FAE00240E43110009CD9B /* loading.gif */,
				435C19E223F28E270030D06C /* CardView.swift */,
				435C19DC23F289450030D06C /* timesheetgif.gif */,
				4376C13823F9B0E600B43812 /* BaseActivity.swift */,
				439FAE04240E5ADA0009CD9B /* dbconnections.swift */,
				439FAE06240E5E940009CD9B /* apicalls.swift */,
			);
			path = "Common Utils";
			sourceTree = "<group>";
		};
		435C19DF23F28CD70030D06C /* Dashboard */ = {
			isa = PBXGroup;
			children = (
				435C19E023F28CF10030D06C /* Dashboard.storyboard */,
				4376C13623F9AB5100B43812 /* dashboardvc.swift */,
			);
			path = Dashboard;
			sourceTree = "<group>";
		};
		435C19E423F2A60F0030D06C /* Assign Tasks */ = {
			isa = PBXGroup;
			children = (
				435C19E523F2A6210030D06C /* Assigntasks.storyboard */,
				4376C13A23F9B27600B43812 /* Assigntasksvc.swift */,
				439FAE02240E59B40009CD9B /* taskitem.swift */,
				439FAE08240E666E0009CD9B /* taskcell.swift */,
			);
			path = "Assign Tasks";
			sourceTree = "<group>";
		};
		435C19E723F2A6C80030D06C /* Attendence */ = {
			isa = PBXGroup;
			children = (
				435C19E823F2A6E20030D06C /* Attendence.storyboard */,
				435C19ED23F2A8420030D06C /* Attendencevc.swift */,
			);
			path = Attendence;
			sourceTree = "<group>";
		};
		435C19EA23F2A74E0030D06C /* Time sheet entry */ = {
			isa = PBXGroup;
			children = (
				435C19EB23F2A7740030D06C /* Timesheetentry.storyboard */,
				4376C13C23F9B44500B43812 /* timesheetentryvc.swift */,
			);
			path = "Time sheet entry";
			sourceTree = "<group>";
		};
		43B2E091240A76DD00F88623 /* Daily Schedule */ = {
			isa = PBXGroup;
			children = (
				43B2E092240A770100F88623 /* Dailyschedule.storyboard */,
				43B2E094240A771800F88623 /* dailyschedulevc.swift */,
			);
			path = "Daily Schedule";
			sourceTree = "<group>";
		};
		43B2E096240A79BB00F88623 /* Leave Schedule */ = {
			isa = PBXGroup;
			children = (
				43B2E097240A79CF00F88623 /* Leaveschedule.storyboard */,
				43B2E099240A79E200F88623 /* leaveschedulevc.swift */,
			);
			path = "Leave Schedule";
			sourceTree = "<group>";
		};
		43B2E09B240A7C4400F88623 /* Case Management */ = {
			isa = PBXGroup;
			children = (
				43B2E09C240A7C5E00F88623 /* Casemanagement.storyboard */,
				43B2E09E240A7C7300F88623 /* casemanagementvc.swift */,
			);
			path = "Case Management";
			sourceTree = "<group>";
		};
		43B2E0A0240A80D000F88623 /* Reports */ = {
			isa = PBXGroup;
			children = (
				43B2E0A1240A80E000F88623 /* Reports.storyboard */,
				43B2E0A3240A80F900F88623 /* reportsvc.swift */,
				43B2E0AA240BAADE00F88623 /* idealreportvc.swift */,
				43B2E0AC240BB1C200F88623 /* customisedreportvc.swift */,
			);
			path = Reports;
			sourceTree = "<group>";
		};
		43B2E0A5240A896200F88623 /* Login */ = {
			isa = PBXGroup;
			children = (
				43B2E0A6240A897300F88623 /* Login.storyboard */,
				43B2E0A8240AB1E300F88623 /* loginvc.swift */,
			);
			path = Login;
			sourceTree = "<group>";
		};
		53A3C028DCC814FF78720FB5 /* Frameworks */ = {
			isa = PBXGroup;
			children = (
				BB28992328EDDFE2F11DB3ED /* Pods_Timesheet.framework */,
			);
			name = Frameworks;
			sourceTree = "<group>";
		};
		B44577A5C5C61461D535E308 /* Pods */ = {
			isa = PBXGroup;
			children = (
				C1706A5715CE4AD985A2EFDF /* Pods-Timesheet.debug.xcconfig */,
				B0D4CEC895D02C04695D6F83 /* Pods-Timesheet.release.xcconfig */,
			);
			path = Pods;
			sourceTree = "<group>";
		};
/* End PBXGroup section */

/* Begin PBXNativeTarget section */
		435C19C123F2847D0030D06C /* Timesheet */ = {
			isa = PBXNativeTarget;
			buildConfigurationList = 435C19D623F284810030D06C /* Build configuration list for PBXNativeTarget "Timesheet" */;
			buildPhases = (
				8C0CC7541266CAC33503991F /* [CP] Check Pods Manifest.lock */,
				435C19BE23F2847D0030D06C /* Sources */,
				435C19BF23F2847D0030D06C /* Frameworks */,
				435C19C023F2847D0030D06C /* Resources */,
				32862570556D347637B19A91 /* [CP] Embed Pods Frameworks */,
			);
			buildRules = (
			);
			dependencies = (
			);
			name = Timesheet;
			productName = Timesheet;
			productReference = 435C19C223F2847D0030D06C /* Timesheet.app */;
			productType = "com.apple.product-type.application";
		};
/* End PBXNativeTarget section */

/* Begin PBXProject section */
		435C19BA23F2847D0030D06C /* Project object */ = {
			isa = PBXProject;
			attributes = {
				LastSwiftUpdateCheck = 1130;
				LastUpgradeCheck = 1130;
				ORGANIZATIONNAME = "hannan parvez";
				TargetAttributes = {
					435C19C123F2847D0030D06C = {
						CreatedOnToolsVersion = 11.3.1;
					};
				};
			};
			buildConfigurationList = 435C19BD23F2847D0030D06C /* Build configuration list for PBXProject "Timesheet" */;
			compatibilityVersion = "Xcode 9.3";
			developmentRegion = en;
			hasScannedForEncodings = 0;
			knownRegions = (
				en,
				Base,
			);
			mainGroup = 435C19B923F2847D0030D06C;
			productRefGroup = 435C19C323F2847D0030D06C /* Products */;
			projectDirPath = "";
			projectRoot = "";
			targets = (
				435C19C123F2847D0030D06C /* Timesheet */,
			);
		};
/* End PBXProject section */

/* Begin PBXResourcesBuildPhase section */
		435C19C023F2847D0030D06C /* Resources */ = {
			isa = PBXResourcesBuildPhase;
			buildActionMask = 2147483647;
			files = (
				435C19D223F284810030D06C /* LaunchScreen.storyboard in Resources */,
				435C19E923F2A6E20030D06C /* Attendence.storyboard in Resources */,
				43B2E09D240A7C5E00F88623 /* Casemanagement.storyboard in Resources */,
				43B2E093240A770100F88623 /* Dailyschedule.storyboard in Resources */,
				43B2E098240A79CF00F88623 /* Leaveschedule.storyboard in Resources */,
				435C19EC23F2A7740030D06C /* Timesheetentry.storyboard in Resources */,
				435C19E123F28CF10030D06C /* Dashboard.storyboard in Resources */,
				435C19E623F2A6210030D06C /* Assigntasks.storyboard in Resources */,
				43B2E0A2240A80E000F88623 /* Reports.storyboard in Resources */,
				435C19CF23F284810030D06C /* Assets.xcassets in Resources */,
				435C19DD23F289450030D06C /* timesheetgif.gif in Resources */,
				439FAE01240E43110009CD9B /* loading.gif in Resources */,
				435C19CD23F2847D0030D06C /* Main.storyboard in Resources */,
				43B2E0A7240A897300F88623 /* Login.storyboard in Resources */,
			);
			runOnlyForDeploymentPostprocessing = 0;
		};
/* End PBXResourcesBuildPhase section */

/* Begin PBXShellScriptBuildPhase section */
		32862570556D347637B19A91 /* [CP] Embed Pods Frameworks */ = {
			isa = PBXShellScriptBuildPhase;
			buildActionMask = 2147483647;
			files = (
			);
			inputFileListPaths = (
				"${PODS_ROOT}/Target Support Files/Pods-Timesheet/Pods-Timesheet-frameworks-${CONFIGURATION}-input-files.xcfilelist",
			);
			name = "[CP] Embed Pods Frameworks";
			outputFileListPaths = (
				"${PODS_ROOT}/Target Support Files/Pods-Timesheet/Pods-Timesheet-frameworks-${CONFIGURATION}-output-files.xcfilelist",
			);
			runOnlyForDeploymentPostprocessing = 0;
			shellPath = /bin/sh;
			shellScript = "\"${PODS_ROOT}/Target Support Files/Pods-Timesheet/Pods-Timesheet-frameworks.sh\"\n";
			showEnvVarsInLog = 0;
		};
		8C0CC7541266CAC33503991F /* [CP] Check Pods Manifest.lock */ = {
			isa = PBXShellScriptBuildPhase;
			buildActionMask = 2147483647;
			files = (
			);
			inputFileListPaths = (
			);
			inputPaths = (
				"${PODS_PODFILE_DIR_PATH}/Podfile.lock",
				"${PODS_ROOT}/Manifest.lock",
			);
			name = "[CP] Check Pods Manifest.lock";
			outputFileListPaths = (
			);
			outputPaths = (
				"$(DERIVED_FILE_DIR)/Pods-Timesheet-checkManifestLockResult.txt",
			);
			runOnlyForDeploymentPostprocessing = 0;
			shellPath = /bin/sh;
			shellScript = "diff \"${PODS_PODFILE_DIR_PATH}/Podfile.lock\" \"${PODS_ROOT}/Manifest.lock\" > /dev/null\nif [ $? != 0 ] ; then\n    # print error to STDERR\n    echo \"error: The sandbox is not in sync with the Podfile.lock. Run 'pod install' or update your CocoaPods installation.\" >&2\n    exit 1\nfi\n# This output is used by Xcode 'outputs' to avoid re-running this script phase.\necho \"SUCCESS\" > \"${SCRIPT_OUTPUT_FILE_0}\"\n";
			showEnvVarsInLog = 0;
		};
/* End PBXShellScriptBuildPhase section */

/* Begin PBXSourcesBuildPhase section */
		435C19BE23F2847D0030D06C /* Sources */ = {
			isa = PBXSourcesBuildPhase;
			buildActionMask = 2147483647;
			files = (
				435C19CA23F2847D0030D06C /* ViewController.swift in Sources */,
				435C19C623F2847D0030D06C /* AppDelegate.swift in Sources */,
				43B2E0AB240BAADE00F88623 /* idealreportvc.swift in Sources */,
				43B2E0A4240A80F900F88623 /* reportsvc.swift in Sources */,
				4376C13923F9B0E600B43812 /* BaseActivity.swift in Sources */,
				439FAE03240E59B40009CD9B /* taskitem.swift in Sources */,
				435C19C823F2847D0030D06C /* SceneDelegate.swift in Sources */,
				439FAE05240E5ADA0009CD9B /* dbconnections.swift in Sources */,
				4376C13B23F9B27600B43812 /* Assigntasksvc.swift in Sources */,
				435C19EE23F2A8420030D06C /* Attendencevc.swift in Sources */,
				439FAE07240E5E940009CD9B /* apicalls.swift in Sources */,
				4376C13D23F9B44500B43812 /* timesheetentryvc.swift in Sources */,
				43B2E0AD240BB1C200F88623 /* customisedreportvc.swift in Sources */,
				43B2E09A240A79E200F88623 /* leaveschedulevc.swift in Sources */,
				43B2E09F240A7C7300F88623 /* casemanagementvc.swift in Sources */,
				435C19DA23F288790030D06C /* splashscreenvc.swift in Sources */,
				435C19E323F28E270030D06C /* CardView.swift in Sources */,
				439FAE09240E666E0009CD9B /* taskcell.swift in Sources */,
				4376C13723F9AB5100B43812 /* dashboardvc.swift in Sources */,
				43B2E095240A771800F88623 /* dailyschedulevc.swift in Sources */,
				43B2E0A9240AB1E300F88623 /* loginvc.swift in Sources */,
			);
			runOnlyForDeploymentPostprocessing = 0;
		};
/* End PBXSourcesBuildPhase section */

/* Begin PBXVariantGroup section */
		435C19CB23F2847D0030D06C /* Main.storyboard */ = {
			isa = PBXVariantGroup;
			children = (
				435C19CC23F2847D0030D06C /* Base */,
			);
			name = Main.storyboard;
			sourceTree = "<group>";
		};
		435C19D023F284810030D06C /* LaunchScreen.storyboard */ = {
			isa = PBXVariantGroup;
			children = (
				435C19D123F284810030D06C /* Base */,
			);
			name = LaunchScreen.storyboard;
			sourceTree = "<group>";
		};
/* End PBXVariantGroup section */

/* Begin XCBuildConfiguration section */
		435C19D423F284810030D06C /* Debug */ = {
			isa = XCBuildConfiguration;
			buildSettings = {
				ALWAYS_SEARCH_USER_PATHS = NO;
				CLANG_ANALYZER_NONNULL = YES;
				CLANG_ANALYZER_NUMBER_OBJECT_CONVERSION = YES_AGGRESSIVE;
				CLANG_CXX_LANGUAGE_STANDARD = "gnu++14";
				CLANG_CXX_LIBRARY = "libc++";
				CLANG_ENABLE_MODULES = YES;
				CLANG_ENABLE_OBJC_ARC = YES;
				CLANG_ENABLE_OBJC_WEAK = YES;
				CLANG_WARN_BLOCK_CAPTURE_AUTORELEASING = YES;
				CLANG_WARN_BOOL_CONVERSION = YES;
				CLANG_WARN_COMMA = YES;
				CLANG_WARN_CONSTANT_CONVERSION = YES;
				CLANG_WARN_DEPRECATED_OBJC_IMPLEMENTATIONS = YES;
				CLANG_WARN_DIRECT_OBJC_ISA_USAGE = YES_ERROR;
				CLANG_WARN_DOCUMENTATION_COMMENTS = YES;
				CLANG_WARN_EMPTY_BODY = YES;
				CLANG_WARN_ENUM_CONVERSION = YES;
				CLANG_WARN_INFINITE_RECURSION = YES;
				CLANG_WARN_INT_CONVERSION = YES;
				CLANG_WARN_NON_LITERAL_NULL_CONVERSION = YES;
				CLANG_WARN_OBJC_IMPLICIT_RETAIN_SELF = YES;
				CLANG_WARN_OBJC_LITERAL_CONVERSION = YES;
				CLANG_WARN_OBJC_ROOT_CLASS = YES_ERROR;
				CLANG_WARN_RANGE_LOOP_ANALYSIS = YES;
				CLANG_WARN_STRICT_PROTOTYPES = YES;
				CLANG_WARN_SUSPICIOUS_MOVE = YES;
				CLANG_WARN_UNGUARDED_AVAILABILITY = YES_AGGRESSIVE;
				CLANG_WARN_UNREACHABLE_CODE = YES;
				CLANG_WARN__DUPLICATE_METHOD_MATCH = YES;
				COPY_PHASE_STRIP = NO;
				DEBUG_INFORMATION_FORMAT = dwarf;
				ENABLE_STRICT_OBJC_MSGSEND = YES;
				ENABLE_TESTABILITY = YES;
				GCC_C_LANGUAGE_STANDARD = gnu11;
				GCC_DYNAMIC_NO_PIC = NO;
				GCC_NO_COMMON_BLOCKS = YES;
				GCC_OPTIMIZATION_LEVEL = 0;
				GCC_PREPROCESSOR_DEFINITIONS = (
					"DEBUG=1",
					"$(inherited)",
				);
				GCC_WARN_64_TO_32_BIT_CONVERSION = YES;
				GCC_WARN_ABOUT_RETURN_TYPE = YES_ERROR;
				GCC_WARN_UNDECLARED_SELECTOR = YES;
				GCC_WARN_UNINITIALIZED_AUTOS = YES_AGGRESSIVE;
				GCC_WARN_UNUSED_FUNCTION = YES;
				GCC_WARN_UNUSED_VARIABLE = YES;
				IPHONEOS_DEPLOYMENT_TARGET = 13.2;
				MTL_ENABLE_DEBUG_INFO = INCLUDE_SOURCE;
				MTL_FAST_MATH = YES;
				ONLY_ACTIVE_ARCH = YES;
				SDKROOT = iphoneos;
				SWIFT_ACTIVE_COMPILATION_CONDITIONS = DEBUG;
				SWIFT_OPTIMIZATION_LEVEL = "-Onone";
			};
			name = Debug;
		};
		435C19D523F284810030D06C /* Release */ = {
			isa = XCBuildConfiguration;
			buildSettings = {
				ALWAYS_SEARCH_USER_PATHS = NO;
				CLANG_ANALYZER_NONNULL = YES;
				CLANG_ANALYZER_NUMBER_OBJECT_CONVERSION = YES_AGGRESSIVE;
				CLANG_CXX_LANGUAGE_STANDARD = "gnu++14";
				CLANG_CXX_LIBRARY = "libc++";
				CLANG_ENABLE_MODULES = YES;
				CLANG_ENABLE_OBJC_ARC = YES;
				CLANG_ENABLE_OBJC_WEAK = YES;
				CLANG_WARN_BLOCK_CAPTURE_AUTORELEASING = YES;
				CLANG_WARN_BOOL_CONVERSION = YES;
				CLANG_WARN_COMMA = YES;
				CLANG_WARN_CONSTANT_CONVERSION = YES;
				CLANG_WARN_DEPRECATED_OBJC_IMPLEMENTATIONS = YES;
				CLANG_WARN_DIRECT_OBJC_ISA_USAGE = YES_ERROR;
				CLANG_WARN_DOCUMENTATION_COMMENTS = YES;
				CLANG_WARN_EMPTY_BODY = YES;
				CLANG_WARN_ENUM_CONVERSION = YES;
				CLANG_WARN_INFINITE_RECURSION = YES;
				CLANG_WARN_INT_CONVERSION = YES;
				CLANG_WARN_NON_LITERAL_NULL_CONVERSION = YES;
				CLANG_WARN_OBJC_IMPLICIT_RETAIN_SELF = YES;
				CLANG_WARN_OBJC_LITERAL_CONVERSION = YES;
				CLANG_WARN_OBJC_ROOT_CLASS = YES_ERROR;
				CLANG_WARN_RANGE_LOOP_ANALYSIS = YES;
				CLANG_WARN_STRICT_PROTOTYPES = YES;
				CLANG_WARN_SUSPICIOUS_MOVE = YES;
				CLANG_WARN_UNGUARDED_AVAILABILITY = YES_AGGRESSIVE;
				CLANG_WARN_UNREACHABLE_CODE = YES;
				CLANG_WARN__DUPLICATE_METHOD_MATCH = YES;
				COPY_PHASE_STRIP = NO;
				DEBUG_INFORMATION_FORMAT = "dwarf-with-dsym";
				ENABLE_NS_ASSERTIONS = NO;
				ENABLE_STRICT_OBJC_MSGSEND = YES;
				GCC_C_LANGUAGE_STANDARD = gnu11;
				GCC_NO_COMMON_BLOCKS = YES;
				GCC_WARN_64_TO_32_BIT_CONVERSION = YES;
				GCC_WARN_ABOUT_RETURN_TYPE = YES_ERROR;
				GCC_WARN_UNDECLARED_SELECTOR = YES;
				GCC_WARN_UNINITIALIZED_AUTOS = YES_AGGRESSIVE;
				GCC_WARN_UNUSED_FUNCTION = YES;
				GCC_WARN_UNUSED_VARIABLE = YES;
				IPHONEOS_DEPLOYMENT_TARGET = 13.2;
				MTL_ENABLE_DEBUG_INFO = NO;
				MTL_FAST_MATH = YES;
				SDKROOT = iphoneos;
				SWIFT_COMPILATION_MODE = wholemodule;
				SWIFT_OPTIMIZATION_LEVEL = "-O";
				VALIDATE_PRODUCT = YES;
			};
			name = Release;
		};
		435C19D723F284810030D06C /* Debug */ = {
			isa = XCBuildConfiguration;
			baseConfigurationReference = C1706A5715CE4AD985A2EFDF /* Pods-Timesheet.debug.xcconfig */;
			buildSettings = {
				ASSETCATALOG_COMPILER_APPICON_NAME = AppIcon;
				CODE_SIGN_STYLE = Automatic;
				INFOPLIST_FILE = Timesheet/Info.plist;
				LD_RUNPATH_SEARCH_PATHS = (
					"$(inherited)",
					"@executable_path/Frameworks",
				);
				PRODUCT_BUNDLE_IDENTIFIER = www.acxiomconsulting.com.Timesheet;
				PRODUCT_NAME = "$(TARGET_NAME)";
				SWIFT_VERSION = 5.0;
				TARGETED_DEVICE_FAMILY = "1,2";
			};
			name = Debug;
		};
		435C19D823F284810030D06C /* Release */ = {
			isa = XCBuildConfiguration;
			baseConfigurationReference = B0D4CEC895D02C04695D6F83 /* Pods-Timesheet.release.xcconfig */;
			buildSettings = {
				ASSETCATALOG_COMPILER_APPICON_NAME = AppIcon;
				CODE_SIGN_STYLE = Automatic;
				INFOPLIST_FILE = Timesheet/Info.plist;
				LD_RUNPATH_SEARCH_PATHS = (
					"$(inherited)",
					"@executable_path/Frameworks",
				);
				PRODUCT_BUNDLE_IDENTIFIER = www.acxiomconsulting.com.Timesheet;
				PRODUCT_NAME = "$(TARGET_NAME)";
				SWIFT_VERSION = 5.0;
				TARGETED_DEVICE_FAMILY = "1,2";
			};
			name = Release;
		};
/* End XCBuildConfiguration section */

/* Begin XCConfigurationList section */
		435C19BD23F2847D0030D06C /* Build configuration list for PBXProject "Timesheet" */ = {
			isa = XCConfigurationList;
			buildConfigurations = (
				435C19D423F284810030D06C /* Debug */,
				435C19D523F284810030D06C /* Release */,
			);
			defaultConfigurationIsVisible = 0;
			defaultConfigurationName = Release;
		};
		435C19D623F284810030D06C /* Build configuration list for PBXNativeTarget "Timesheet" */ = {
			isa = XCConfigurationList;
			buildConfigurations = (
				435C19D723F284810030D06C /* Debug */,
				435C19D823F284810030D06C /* Release */,
			);
			defaultConfigurationIsVisible = 0;
			defaultConfigurationName = Release;
		};
/* End XCConfigurationList section */
	};
	rootObject = 435C19BA23F2847D0030D06C /* Project object */;
}
